# THIS IS AN AUTOGENERATED FILE. DO NOT EDIT THIS FILE DIRECTLY.
# yarn lockfile v1


axios@^0.15.3:
  version "0.15.3"
  resolved "https://registry.yarnpkg.com/axios/-/axios-0.15.3.tgz#2c9d638b2e191a08ea1d6cc988eadd6ba5bdc053"
  dependencies:
    follow-redirects "1.0.0"

balanced-match@^0.4.1:
  version "0.4.2"
  resolved "https://registry.yarnpkg.com/balanced-match/-/balanced-match-0.4.2.tgz#cb3f3e3c732dc0f01ee70b403f302e61d7709838"

brace-expansion@^1.0.0:
  version "1.1.6"
  resolved "https://registry.yarnpkg.com/brace-expansion/-/brace-expansion-1.1.6.tgz#7197d7eaa9b87e648390ea61fc66c84427420df9"
  dependencies:
    balanced-match "^0.4.1"
    concat-map "0.0.1"

commander@^2.9.0:
  version "2.9.0"
  resolved "https://registry.yarnpkg.com/commander/-/commander-2.9.0.tgz#9c99094176e12240cb22d6c5146098400fe0f7d4"
  dependencies:
    graceful-readlink ">= 1.0.0"

concat-map@0.0.1:
  version "0.0.1"
  resolved "https://registry.yarnpkg.com/concat-map/-/concat-map-0.0.1.tgz#d8a96bd77fd68df7793a73036a3ba0d5405d477b"

cross-env@^3.1.4:
  version "3.1.4"
  resolved "https://registry.yarnpkg.com/cross-env/-/cross-env-3.1.4.tgz#56e8bca96f17908a6eb1bc2012ca126f92842130"
  dependencies:
    cross-spawn "^3.0.1"

cross-spawn@^3.0.1:
  version "3.0.1"
  resolved "https://registry.yarnpkg.com/cross-spawn/-/cross-spawn-3.0.1.tgz#1256037ecb9f0c5f79e3d6ef135e30770184b982"
  dependencies:
    lru-cache "^4.0.1"
    which "^1.2.9"

debug@^2.2.0:
  version "2.6.0"
  resolved "https://registry.yarnpkg.com/debug/-/debug-2.6.0.tgz#bc596bcabe7617f11d9fa15361eded5608b8499b"
  dependencies:
    ms "0.7.2"

dot-object@^1.5.4:
  version "1.5.4"
  resolved "https://registry.yarnpkg.com/dot-object/-/dot-object-1.5.4.tgz#af2b8df2626b65020cd6729d46c331bc30d3b487"
  dependencies:
    commander "^2.9.0"
    glob "^7.0.5"

fast-memoize@^2.0.2:
  version "2.2.0"
  resolved "https://registry.yarnpkg.com/fast-memoize/-/fast-memoize-2.2.0.tgz#c6aee7bea777ffe97ef4b967db1fae08e220d9b2"

follow-redirects@1.0.0:
  version "1.0.0"
  resolved "https://registry.yarnpkg.com/follow-redirects/-/follow-redirects-1.0.0.tgz#8e34298cbd2e176f254effec75a1c78cc849fd37"
  dependencies:
    debug "^2.2.0"

fs.realpath@^1.0.0:
  version "1.0.0"
  resolved "https://registry.yarnpkg.com/fs.realpath/-/fs.realpath-1.0.0.tgz#1504ad2523158caa40db4a2787cb01411994ea4f"

glob@^7.0.5:
  version "7.1.1"
  resolved "https://registry.yarnpkg.com/glob/-/glob-7.1.1.tgz#805211df04faaf1c63a3600306cdf5ade50b2ec8"
  dependencies:
    fs.realpath "^1.0.0"
    inflight "^1.0.4"
    inherits "2"
    minimatch "^3.0.2"
    once "^1.3.0"
    path-is-absolute "^1.0.0"

"graceful-readlink@>= 1.0.0":
  version "1.0.1"
  resolved "https://registry.yarnpkg.com/graceful-readlink/-/graceful-readlink-1.0.1.tgz#4cafad76bc62f02fa039b2f94e9a3dd3a391a725"

history@^4.3.0, history@^4.5.1:
  version "4.5.1"
  resolved "https://registry.yarnpkg.com/history/-/history-4.5.1.tgz#44935a51021e3b8e67ebac267a35675732aba569"
  dependencies:
    invariant "^2.2.1"
    loose-envify "^1.2.0"
    resolve-pathname "^2.0.0"
    value-equal "^0.2.0"
    warning "^3.0.0"

inflight@^1.0.4:
  version "1.0.6"
  resolved "https://registry.yarnpkg.com/inflight/-/inflight-1.0.6.tgz#49bd6331d7d02d0c09bc910a1075ba8165b56df9"
  dependencies:
    once "^1.3.0"
    wrappy "1"

inherits@2:
  version "2.0.3"
  resolved "https://registry.yarnpkg.com/inherits/-/inherits-2.0.3.tgz#633c2c83e3da42a502f52466022480f4208261de"

invariant@^2.2.1, invariant@^2.2.2:
  version "2.2.2"
  resolved "https://registry.yarnpkg.com/invariant/-/invariant-2.2.2.tgz#9e1f56ac0acdb6bf303306f338be3b204ae60360"
  dependencies:
    loose-envify "^1.0.0"

isarray@0.0.1:
  version "0.0.1"
  resolved "https://registry.yarnpkg.com/isarray/-/isarray-0.0.1.tgz#8a18acfca9a8f4177e09abfc6038939b05d1eedf"

isexe@^1.1.1:
  version "1.1.2"
  resolved "https://registry.yarnpkg.com/isexe/-/isexe-1.1.2.tgz#36f3e22e60750920f5e7241a476a8c6a42275ad0"

js-tokens@^3.0.0:
  version "3.0.1"
  resolved "https://registry.yarnpkg.com/js-tokens/-/js-tokens-3.0.1.tgz#08e9f132484a2c45a30907e9dc4d5567b7f114d7"

json-schema-defaults@^0.2.0:
  version "0.2.0"
  resolved "https://registry.yarnpkg.com/json-schema-defaults/-/json-schema-defaults-0.2.0.tgz#89ceb86ff0537dfbc1a6ddb52f2bd03efa85ff89"

json-schema-deref-local@^0.2.1:
  version "0.2.1"
  resolved "https://registry.yarnpkg.com/json-schema-deref-local/-/json-schema-deref-local-0.2.1.tgz#e8765a720ae712e3295ad2bbf3a824a37ec46325"
  dependencies:
    mpath "~0.2.1"
    traverse "~0.6.6"

jsonschema@^1.1.0:
  version "1.1.1"
  resolved "https://registry.yarnpkg.com/jsonschema/-/jsonschema-1.1.1.tgz#3cede8e3e411d377872eefbc9fdf26383cbc3ed9"

loose-envify@^1.0.0, loose-envify@^1.2.0, loose-envify@^1.3.1:
  version "1.3.1"
  resolved "https://registry.yarnpkg.com/loose-envify/-/loose-envify-1.3.1.tgz#d1a8ad33fa9ce0e713d65fdd0ac8b748d478c848"
  dependencies:
    js-tokens "^3.0.0"

lru-cache@^4.0.1:
  version "4.0.2"
  resolved "https://registry.yarnpkg.com/lru-cache/-/lru-cache-4.0.2.tgz#1d17679c069cda5d040991a09dbc2c0db377e55e"
  dependencies:
    pseudomap "^1.0.1"
    yallist "^2.0.0"

minimatch@^3.0.2:
  version "3.0.3"
  resolved "https://registry.yarnpkg.com/minimatch/-/minimatch-3.0.3.tgz#2a4e4090b96b2db06a9d7df01055a62a77c9b774"
  dependencies:
    brace-expansion "^1.0.0"

mpath@~0.2.1:
  version "0.2.1"
  resolved "https://registry.yarnpkg.com/mpath/-/mpath-0.2.1.tgz#3a4e829359801de96309c27a6b2e102e89f9e96e"

ms@0.7.2:
  version "0.7.2"
  resolved "https://registry.yarnpkg.com/ms/-/ms-0.7.2.tgz#ae25cf2512b3885a1d95d7f037868d8431124765"

object-hash@^1.1.5:
  version "1.1.5"
  resolved "https://registry.yarnpkg.com/object-hash/-/object-hash-1.1.5.tgz#bdd844e030d0861b692ca175c6cab6868ec233d7"

once@^1.3.0:
  version "1.4.0"
  resolved "https://registry.yarnpkg.com/once/-/once-1.4.0.tgz#583b1aa775961d4b113ac17d9c50baef9dd76bd1"
  dependencies:
    wrappy "1"

path-is-absolute@^1.0.0:
  version "1.0.1"
  resolved "https://registry.yarnpkg.com/path-is-absolute/-/path-is-absolute-1.0.1.tgz#174b9268735534ffbc7ace6bf53a5a9e1b5c5f5f"

path-to-regexp@^1.5.3:
  version "1.7.0"
  resolved "https://registry.yarnpkg.com/path-to-regexp/-/path-to-regexp-1.7.0.tgz#59fde0f435badacba103a84e9d3bc64e96b9937d"
  dependencies:
    isarray "0.0.1"

pseudomap@^1.0.1:
  version "1.0.2"
  resolved "https://registry.yarnpkg.com/pseudomap/-/pseudomap-1.0.2.tgz#f052a28da70e618917ef0a8ac34c1ae5a68286b3"

react-router-addons-controlled@^0.0.1:
  version "0.0.1"
  resolved "https://registry.yarnpkg.com/react-router-addons-controlled/-/react-router-addons-controlled-0.0.1.tgz#b63ca78640e4ef3b24ede9d802376f7b8317d375"
  dependencies:
    history "^4.3.0"
    react-router "^4.0.0-alpha.4"

react-router@^4.0.0-alpha.4, react-router@next:
  version "4.0.0-beta.4"
  resolved "https://registry.yarnpkg.com/react-router/-/react-router-4.0.0-beta.4.tgz#6ab21755525ae3dfe7cca5e0176b05385a7b854d"
  dependencies:
    history "^4.5.1"
    invariant "^2.2.2"
    loose-envify "^1.3.1"
    path-to-regexp "^1.5.3"
    warning "^3.0.0"

redux-batched-subscribe@^0.1.6:
  version "0.1.6"
  resolved "https://registry.yarnpkg.com/redux-batched-subscribe/-/redux-batched-subscribe-0.1.6.tgz#de928602708df7198b4d0c98c7119df993780d59"

reselect@^2.5.4:
  version "2.5.4"
  resolved "https://registry.yarnpkg.com/reselect/-/reselect-2.5.4.tgz#b7d23fdf00b83fa7ad0279546f8dbbbd765c7047"

resolve-pathname@^2.0.0:
  version "2.0.2"
  resolved "https://registry.yarnpkg.com/resolve-pathname/-/resolve-pathname-2.0.2.tgz#e55c016eb2e9df1de98e85002282bfb38c630436"

seamless-immutable@^6.3.0:
  version "6.3.0"
  resolved "https://registry.yarnpkg.com/seamless-immutable/-/seamless-immutable-6.3.0.tgz#218fd851bc5b989505998325f8c7713d35fafeb8"

traverse@~0.6.6:
  version "0.6.6"
  resolved "https://registry.yarnpkg.com/traverse/-/traverse-0.6.6.tgz#cbdf560fd7b9af632502fed40f918c157ea97137"

urijs@1.18.0:
  version "1.18.0"
  resolved "https://registry.yarnpkg.com/urijs/-/urijs-1.18.0.tgz#091cbb7f6d60401b2e5e35c57a04177b9bbd12f2"

value-equal@^0.2.0:
  version "0.2.0"
  resolved "https://registry.yarnpkg.com/value-equal/-/value-equal-0.2.0.tgz#4f41c60a3fc011139a2ec3d3340a8998ae8b69c0"

warning@^3.0.0:
  version "3.0.0"
  resolved "https://registry.yarnpkg.com/warning/-/warning-3.0.0.tgz#32e5377cb572de4ab04753bdf8821c01ed605b7c"
  dependencies:
    loose-envify "^1.0.0"

which@^1.2.9:
  version "1.2.12"
  resolved "https://registry.yarnpkg.com/which/-/which-1.2.12.tgz#de67b5e450269f194909ef23ece4ebe416fa1192"
  dependencies:
    isexe "^1.1.1"

wrappy@1:
  version "1.0.2"
  resolved "https://registry.yarnpkg.com/wrappy/-/wrappy-1.0.2.tgz#b5243d8f3ec1aa35f1364605bc0d1036e30ab69f"

yallist@^2.0.0:
  version "2.0.0"
  resolved "https://registry.yarnpkg.com/yallist/-/yallist-2.0.0.tgz#306c543835f09ee1a4cb23b7bce9ab341c91cdd4"
